{
    "name": "neuraserver-azurite",
    "version": "1.0.0",
    "lockfileVersion": 2,
    "requires": true,
    "packages": {
      "": {
        "name": "neuraserver-azurite",
        "version": "1.0.0",
        "license": "GPL-3.0-only",
        "dependencies": {
          "axios": "^0.21.1",
          "body-parser": "^1.19.0",
          "express": "^4.17.1"
        }
      },
      "node_modules/axios": {
        "version": "0.21.1",
        "resolved": "https://registry.npmjs.org/axios/-/axios-0.21.1.tgz",
        "integrity": "sha512-zmpjRM1yPiRwrPqz9Fs4kzr0nfhikYBNmFZ9x3jItScUKIB3TkpJzvYSGD4/zBUQZ73U3hbhz7/XpKBL2tJw8g==",
        "engines": {
          "node": ">= 0.10.0"
        }
      },
      "node_modules/body-parser": {
        "version": "1.19.0",
        "resolved": "https://registry.npmjs.org/body-parser/-/body-parser-1.19.0.tgz",
        "integrity": "sha512-HSkoPgR8CR0M4FQUXzZpPkm6I0D6JhYvThVZmEk1lwsySQyOnnSEyBmDudchhbL4TktF6CrdutYsHwYvUuPhrw==",
        "dependencies": {
          "bytes": "3.1.0",
          "content-type": "~1.0.4",
          "debug": "2.6.9",
          "depd": "~1.1.2",
          "http-errors": "1.7.2",
          "iconv-lite": "0.4.24",
          "on-finished": "~2.3.0",
          "qs": "6.7.0",
          "raw-body": "2.4.0",
          "type-is": "~1.6.18"
        },
        "engines": {
          "node": ">= 0.8"
        }
      },
      "node_modules/bytes": {
        "version": "3.1.0",
        "resolved": "https://registry.npmjs.org/bytes/-/bytes-3.1.0.tgz",
        "integrity": "sha512-ue+EoXyUt6DkUlmYKgPH/iz1dtAfkcN9MhNiDCfHj2T56zDqle6KJcxKvWv4w4pThAsDE9f3b6+QImCmEGzpLw=="
      },
      "node_modules/content-type": {
        "version": "1.0.4",
        "resolved": "https://registry.npmjs.org/content-type/-/content-type-1.0.4.tgz",
        "integrity": "sha512-+j8VdgSeVSPpM3pcwkKDa4CB5BBD5HPI8RFpYlm4u3PzYhh3AOhQxPbGwwKNnFjIUlpy+5ZhjleM66tB1aGAfA=="
      },
      "node_modules/debug": {
        "version": "2.6.9",
        "resolved": "https://registry.npmjs.org/debug/-/debug-2.6.9.tgz",
        "integrity": "sha512-2s02pOsdRLtGS4hQXkG59+WnvdL+LcXg3UtDwwVigwUZ2eKuU4wACWR5TZg06S1kFSV5M5JbKK4NI7r2n3to8g==",
        "dependencies": {
          "ms": "2.0.0"
        }
      },
      "node_modules/depd": {
        "version": "1.1.2",
        "resolved": "https://registry.npmjs.org/depd/-/depd-1.1.2.tgz",
        "integrity": "sha512-8C/OlQstRPjVXT1EOBy2zPh9m1nZolK57F9ZNqvlK2GKEnq8QXH5v9r2P/Fu5t8KfXenxIZYJbg7e66LY2PX6w==",
        "engines": {
          "node": ">= 0.6.0"
        }
      },
      "node_modules/express": {
        "version": "4.17.1",
        "resolved": "https://registry.npmjs.org/express/-/express-4.17.1.tgz",
        "integrity": "sha512-mp/3swG6XHkRPxH8ihzKt5dFR3Eab0lJ4r6Zv+PzXGhOUbk26eUnT+JwYpC/0ftdTlg36UuEqH4HmAlKIo1O4g==",
        "dependencies": {
          "accepts": "~1.3.7",
          "array-flatten": "1.1.1",
          "body-parser": "1.19.0",
          "content-disposition": "0.5.3",
          "content-type": "~1.0.4",
          "cookie": "0.4.0",
          "cookie-signature": "1.0.6",
          "debug": "2.6.9",
          "depd": "~1.1.2",
          "encodeurl": "~1.0.2",
          "escape-html": "~1.0.3",
          "etag": "~1.8.1",
          "finalhandler": "~1.1.2",
          "fresh": "0.5.2",
          "merge-descriptors": "1.0.1",
          "methods": "~1.1.2",
          "on-finished": "~2.3.0",
          "parseurl": "~1.3.3",
          "path-to-regexp": "0.1.7",
          "proxy-addr": "~2.0.5",
          "qs": "6.7.0",
          "range-parser": "~1.2.1",
          "safe-buffer": "5.1.2",
          "send": "0.17.1",
          "serve-static": "1.14.1",
          "setprototypeof": "1.1.1",
          "statuses": "~1.5.0",
          "type-is": "~1.6.18",
          "utils-merge": "1.0.1",
          "vary": "~1.1.2"
        },
        "engines": {
          "node": ">= 0.10.0"
        }
      },
      "node_modules/finalhandler": {
        "version": "1.1.2",
        "resolved": "https://registry.npmjs.org/finalhandler/-/finalhandler-1.1.2.tgz",
        "integrity": "sha512-aJv/Td1cEXA7hImsnv8TpEpG7hFrhz5+F/E9bQ4BtvbVo23SF/qKmbtX28b2LcQfu49Rv1hvX9tBtWfkkVIewA==",
        "dependencies": {
          "debug": "2.6.9",
          "encodeurl": "~1.0.2",
          "escape-html": "~1.0.3",
          "on-finished": "~2.3.0",
          "parseurl": "~1.3.3",
          "statuses": "~1.5.0",
          "unpipe": "~1.0.0"
        },
        "engines": {
          "node": ">= 0.8"
        }
      },
      "node_modules/iconv-lite": {
        "version": "0.4.24",
        "resolved": "https://registry.npmjs.org/iconv-lite/-/iconv-lite-0.4.24.tgz",
        "integrity": "sha512-4fM9C+uJqON8smFXVfwKn8VLWUVvB1A1HvPEN/tzuKViqH27zFRPfu+imD2l/XZXbZnTzz1b5kRQXLKzy2acHg==",
        "dependencies": {
          "safer-buffer": ">= 2.1.2 < 3"
        },
        "engines": {
          "node": ">=0.10.0"
        }
      },
      "node_modules/qs": {
        "version": "6.7.0",
        "resolved": "https://registry.npmjs.org/qs/-/qs-6.7.0.tgz",
        "integrity": "sha512-VCdBRNFTL0VVXpTZG4Yo7Nxh4/W+N0u6Q5UO2qghTI1PDh5GuQw4bY4n5Y6FItspJX2p36QRRSk2clUpP1zY+g==",
        "engines": {
          "node": ">=0.6"
        }
      },
      "node_modules/raw-body": {
        "version": "2.4.0",
        "resolved": "https://registry.npmjs.org/raw-body/-/raw-body-2.4.0.tgz",
        "integrity": "sha512-9gH8ZZ1iHPZqkk2y/mIwcFq5ZLMHkdxA2DoKaDYkQoO4I5DRJSnJIG7y4exjFvQY9qfJXncY8PL/uCeWlYQMfA==",
        "dependencies": {
          "bytes": "3.1.0",
          "http-errors": "1.7.2",
          "iconv-lite": "0.4.24",
          "unpipe": "1.0.0"
        },
        "engines": {
          "node": ">= 0.8"
        }
      },
      "node_modules/safe-buffer": {
        "version": "5.1.2",
        "resolved": "https://registry.npmjs.org/safe-buffer/-/safe-buffer-5.1.2.tgz",
        "integrity": "sha512-GEG81FfCyy+z5mGhgf8LrC/+AtfW1TG2Q9keX2DhmHYY7lqcT0yvKNT9AGC3UAfK7vD9DD+dlEw1wKHmyCX0AA=="
      }
    }
  }
  
